
Microsoft Visual Studio Solution File, Format Version 12.00
# Visual Studio Version 16
VisualStudioVersion = 16.0.30907.101
MinimumVisualStudioVersion = 10.0.40219.1
Project("{FAE04EC0-301F-11D3-BF4B-00C04F79EFBC}") = "MvcMovie", "MvcMovie\MvcMovie.csproj", "{9F76E932-9CA1-4D7A-919C-9DF7AA6EA210}"
EndProject
Global
	GlobalSection(SolutionConfigurationPlatforms) = preSolution
		Debug|Any CPU = Debug|Any CPU
		Release|Any CPU = Release|Any CPU
	EndGlobalSection
	GlobalSection(ProjectConfigurationPlatforms) = postSolution
		{9F76E932-9CA1-4D7A-919C-9DF7AA6EA210}.Debug|Any CPU.ActiveCfg = Debug|Any CPU
		{9F76E932-9CA1-4D7A-919C-9DF7AA6EA210}.Debug|Any CPU.Build.0 = Debug|Any CPU
		{9F76E932-9CA1-4D7A-919C-9DF7AA6EA210}.Release|Any CPU.ActiveCfg = Release|Any CPU
		{9F76E932-9CA1-4D7A-919C-9DF7AA6EA210}.Release|Any CPU.Build.0 = Release|Any CPU
	EndGlobalSection
	GlobalSection(SolutionProperties) = preSolution
		HideSolutionNode = FALSE
	EndGlobalSection
	GlobalSection(ExtensibilityGlobals) = postSolution
		SolutionGuid = {E26CAFF2-6DB9-4555-8158-55E77DA36655}
	EndGlobalSection
EndGlobal
